{
  "nodes": {
    "nixpkgs": {
      "locked": {
        "narHash": "sha256-8nQx02tTzgYO21BP/dy5BCRopE8OwE8Drsw98j+Qoaw=",
        "path": "/nix/store/a33ann70s2kqn8q1h4vv4il56i0lk60g-source",
        "type": "path"
      },
      "original": {
        "id": "nixpkgs",
        "type": "indirect"
      }
    },
    "root": {
      "inputs": {
        "nixpkgs": "nixpkgs"
      }
    }
  },
  "root": "root",
  "version": 7
}
